
Microsoft Visual Studio Solution File, Format Version 12.00
# Visual Studio 15
VisualStudioVersion = 15.0.28307.645
MinimumVisualStudioVersion = 10.0.40219.1
Project("{FAE04EC0-301F-11D3-BF4B-00C04F79EFBC}") = "LockTest", "LockTest\LockTest.csproj", "{4F165451-DA14-43F7-8893-74730340CF4A}"
EndProject
Global
	GlobalSection(SolutionConfigurationPlatforms) = preSolution
		Debug|Any CPU = Debug|Any CPU
		Debug|x64 = Debug|x64
		Release|Any CPU = Release|Any CPU
		Release|x64 = Release|x64
	EndGlobalSection
	GlobalSection(ProjectConfigurationPlatforms) = postSolution
		{4F165451-DA14-43F7-8893-74730340CF4A}.Debug|Any CPU.ActiveCfg = Debug|Any CPU
		{4F165451-DA14-43F7-8893-74730340CF4A}.Debug|Any CPU.Build.0 = Debug|Any CPU
		{4F165451-DA14-43F7-8893-74730340CF4A}.Debug|x64.ActiveCfg = Debug|Any CPU
		{4F165451-DA14-43F7-8893-74730340CF4A}.Debug|x64.Build.0 = Debug|Any CPU
		{4F165451-DA14-43F7-8893-74730340CF4A}.Release|Any CPU.ActiveCfg = Release|Any CPU
		{4F165451-DA14-43F7-8893-74730340CF4A}.Release|Any CPU.Build.0 = Release|Any CPU
		{4F165451-DA14-43F7-8893-74730340CF4A}.Release|x64.ActiveCfg = Release|Any CPU
		{4F165451-DA14-43F7-8893-74730340CF4A}.Release|x64.Build.0 = Release|Any CPU
	EndGlobalSection
	GlobalSection(SolutionProperties) = preSolution
		HideSolutionNode = FALSE
	EndGlobalSection
	GlobalSection(ExtensibilityGlobals) = postSolution
		SolutionGuid = {6B8662B4-0D89-47D9-B921-1A4C3AA0340A}
	EndGlobalSection
EndGlobal
